{
  "name": "maka-hello",
  "version": "1.0.0",
  "lockfileVersion": 1,
  "requires": true,
  "dependencies": {
    "@babel/polyfill": {
      "version": "7.2.5",
      "resolved": "http://registry.npm.taobao.org/@babel/polyfill/download/@babel/polyfill-7.2.5.tgz",
      "integrity": "sha1-bFS5ZPca0n7d3FZ9Bl5X6H7X+n0=",
      "requires": {
        "core-js": "2.6.1",
        "regenerator-runtime": "0.12.1"
      }
    },
    "core-js": {
      "version": "2.6.1",
      "resolved": "http://registry.npm.taobao.org/core-js/download/core-js-2.6.1.tgz",
      "integrity": "sha1-h0Fq6BfelXo/JJs7XKR11KrtYEI="
    },
    "regenerator-runtime": {
      "version": "0.12.1",
      "resolved": "http://registry.npm.taobao.org/regenerator-runtime/download/regenerator-runtime-0.12.1.tgz",
      "integrity": "sha1-+hpxVEdkwDb4xJsToIsllMn4oN4="
    }
  }
}
